// !$*UTF8*$!
{
	archiveVersion = 1;
	classes = {
	};
	objectVersion = 50;
	objects = {

/* Begin PBXBuildFile section */
		202EBB67248606BB0060ED27 /* AppDelegate.swift in Sources */ = {isa = PBXBuildFile; fileRef = 202EBB66248606BB0060ED27 /* AppDelegate.swift */; };
		202EBB6A248606BB0060ED27 /* NFL_Auto_Scout.xcdatamodeld in Sources */ = {isa = PBXBuildFile; fileRef = 202EBB68248606BB0060ED27 /* NFL_Auto_Scout.xcdatamodeld */; };
		202EBB6C248606BB0060ED27 /* SceneDelegate.swift in Sources */ = {isa = PBXBuildFile; fileRef = 202EBB6B248606BB0060ED27 /* SceneDelegate.swift */; };
		202EBB6E248606BB0060ED27 /* Event.swift in Sources */ = {isa = PBXBuildFile; fileRef = 202EBB6D248606BB0060ED27 /* Event.swift */; };
		202EBB70248606BB0060ED27 /* ContentView.swift in Sources */ = {isa = PBXBuildFile; fileRef = 202EBB6F248606BB0060ED27 /* ContentView.swift */; };
		202EBB72248606BB0060ED27 /* Assets.xcassets in Resources */ = {isa = PBXBuildFile; fileRef = 202EBB71248606BB0060ED27 /* Assets.xcassets */; };
		202EBB75248606BB0060ED27 /* Preview Assets.xcassets in Resources */ = {isa = PBXBuildFile; fileRef = 202EBB74248606BB0060ED27 /* Preview Assets.xcassets */; };
		202EBB78248606BB0060ED27 /* LaunchScreen.storyboard in Resources */ = {isa = PBXBuildFile; fileRef = 202EBB76248606BB0060ED27 /* LaunchScreen.storyboard */; };
		202EBB83248606BB0060ED27 /* NFL_Auto_ScoutTests.swift in Sources */ = {isa = PBXBuildFile; fileRef = 202EBB82248606BB0060ED27 /* NFL_Auto_ScoutTests.swift */; };
		202EBB8E248606BC0060ED27 /* NFL_Auto_ScoutUITests.swift in Sources */ = {isa = PBXBuildFile; fileRef = 202EBB8D248606BC0060ED27 /* NFL_Auto_ScoutUITests.swift */; };
/* End PBXBuildFile section */

/* Begin PBXContainerItemProxy section */
		202EBB7F248606BB0060ED27 /* PBXContainerItemProxy */ = {
			isa = PBXContainerItemProxy;
			containerPortal = 202EBB5B248606BA0060ED27 /* Project object */;
			proxyType = 1;
			remoteGlobalIDString = 202EBB62248606BA0060ED27;
			remoteInfo = "NFL Auto Scout";
		};
		202EBB8A248606BC0060ED27 /* PBXContainerItemProxy */ = {
			isa = PBXContainerItemProxy;
			containerPortal = 202EBB5B248606BA0060ED27 /* Project object */;
			proxyType = 1;
			remoteGlobalIDString = 202EBB62248606BA0060ED27;
			remoteInfo = "NFL Auto Scout";
		};
/* End PBXContainerItemProxy section */

/* Begin PBXFileReference section */
		202EBB63248606BB0060ED27 /* NFL Auto Scout.app */ = {isa = PBXFileReference; explicitFileType = wrapper.application; includeInIndex = 0; path = "NFL Auto Scout.app"; sourceTree = BUILT_PRODUCTS_DIR; };
		202EBB66248606BB0060ED27 /* AppDelegate.swift */ = {isa = PBXFileReference; lastKnownFileType = sourcecode.swift; path = AppDelegate.swift; sourceTree = "<group>"; };
		202EBB69248606BB0060ED27 /* NFL_Auto_Scout.xcdatamodel */ = {isa = PBXFileReference; lastKnownFileType = wrapper.xcdatamodel; path = NFL_Auto_Scout.xcdatamodel; sourceTree = "<group>"; };
		202EBB6B248606BB0060ED27 /* SceneDelegate.swift */ = {isa = PBXFileReference; lastKnownFileType = sourcecode.swift; path = SceneDelegate.swift; sourceTree = "<group>"; };
		202EBB6D248606BB0060ED27 /* Event.swift */ = {isa = PBXFileReference; lastKnownFileType = sourcecode.swift; path = Event.swift; sourceTree = "<group>"; };
		202EBB6F248606BB0060ED27 /* ContentView.swift */ = {isa = PBXFileReference; lastKnownFileType = sourcecode.swift; path = ContentView.swift; sourceTree = "<group>"; };
		202EBB71248606BB0060ED27 /* Assets.xcassets */ = {isa = PBXFileReference; lastKnownFileType = folder.assetcatalog; path = Assets.xcassets; sourceTree = "<group>"; };
		202EBB74248606BB0060ED27 /* Preview Assets.xcassets */ = {isa = PBXFileReference; lastKnownFileType = folder.assetcatalog; path = "Preview Assets.xcassets"; sourceTree = "<group>"; };
		202EBB77248606BB0060ED27 /* Base */ = {isa = PBXFileReference; lastKnownFileType = file.storyboard; name = Base; path = Base.lproj/LaunchScreen.storyboard; sourceTree = "<group>"; };
		202EBB79248606BB0060ED27 /* Info.plist */ = {isa = PBXFileReference; lastKnownFileType = text.plist.xml; path = Info.plist; sourceTree = "<group>"; };
		202EBB7E248606BB0060ED27 /* NFL Auto ScoutTests.xctest */ = {isa = PBXFileReference; explicitFileType = wrapper.cfbundle; includeInIndex = 0; path = "NFL Auto ScoutTests.xctest"; sourceTree = BUILT_PRODUCTS_DIR; };
		202EBB82248606BB0060ED27 /* NFL_Auto_ScoutTests.swift */ = {isa = PBXFileReference; lastKnownFileType = sourcecode.swift; path = NFL_Auto_ScoutTests.swift; sourceTree = "<group>"; };
		202EBB84248606BB0060ED27 /* Info.plist */ = {isa = PBXFileReference; lastKnownFileType = text.plist.xml; path = Info.plist; sourceTree = "<group>"; };
		202EBB89248606BC0060ED27 /* NFL Auto ScoutUITests.xctest */ = {isa = PBXFileReference; explicitFileType = wrapper.cfbundle; includeInIndex = 0; path = "NFL Auto ScoutUITests.xctest"; sourceTree = BUILT_PRODUCTS_DIR; };
		202EBB8D248606BC0060ED27 /* NFL_Auto_ScoutUITests.swift */ = {isa = PBXFileReference; lastKnownFileType = sourcecode.swift; path = NFL_Auto_ScoutUITests.swift; sourceTree = "<group>"; };
		202EBB8F248606BC0060ED27 /* Info.plist */ = {isa = PBXFileReference; lastKnownFileType = text.plist.xml; path = Info.plist; sourceTree = "<group>"; };
/* End PBXFileReference section */

/* Begin PBXFrameworksBuildPhase section */
		202EBB60248606BA0060ED27 /* Frameworks */ = {
			isa = PBXFrameworksBuildPhase;
			buildActionMask = 2147483647;
			files = (
			);
			runOnlyForDeploymentPostprocessing = 0;
		};
		202EBB7B248606BB0060ED27 /* Frameworks */ = {
			isa = PBXFrameworksBuildPhase;
			buildActionMask = 2147483647;
			files = (
			);
			runOnlyForDeploymentPostprocessing = 0;
		};
		202EBB86248606BC0060ED27 /* Frameworks */ = {
			isa = PBXFrameworksBuildPhase;
			buildActionMask = 2147483647;
			files = (
			);
			runOnlyForDeploymentPostprocessing = 0;
		};
/* End PBXFrameworksBuildPhase section */

/* Begin PBXGroup section */
		202EBB5A248606BA0060ED27 = {
			isa = PBXGroup;
			children = (
				202EBB65248606BB0060ED27 /* NFL Auto Scout */,
				202EBB81248606BB0060ED27 /* NFL Auto ScoutTests */,
				202EBB8C248606BC0060ED27 /* NFL Auto ScoutUITests */,
				202EBB64248606BB0060ED27 /* Products */,
			);
			sourceTree = "<group>";
		};
		202EBB64248606BB0060ED27 /* Products */ = {
			isa = PBXGroup;
			children = (
				202EBB63248606BB0060ED27 /* NFL Auto Scout.app */,
				202EBB7E248606BB0060ED27 /* NFL Auto ScoutTests.xctest */,
				202EBB89248606BC0060ED27 /* NFL Auto ScoutUITests.xctest */,
			);
			name = Products;
			sourceTree = "<group>";
		};
		202EBB65248606BB0060ED27 /* NFL Auto Scout */ = {
			isa = PBXGroup;
			children = (
				202EBB66248606BB0060ED27 /* AppDelegate.swift */,
				202EBB6B248606BB0060ED27 /* SceneDelegate.swift */,
				202EBB6D248606BB0060ED27 /* Event.swift */,
				202EBB6F248606BB0060ED27 /* ContentView.swift */,
				202EBB71248606BB0060ED27 /* Assets.xcassets */,
				202EBB76248606BB0060ED27 /* LaunchScreen.storyboard */,
				202EBB79248606BB0060ED27 /* Info.plist */,
				202EBB68248606BB0060ED27 /* NFL_Auto_Scout.xcdatamodeld */,
				202EBB73248606BB0060ED27 /* Preview Content */,
			);
			path = "NFL Auto Scout";
			sourceTree = "<group>";
		};
		202EBB73248606BB0060ED27 /* Preview Content */ = {
			isa = PBXGroup;
			children = (
				202EBB74248606BB0060ED27 /* Preview Assets.xcassets */,
			);
			path = "Preview Content";
			sourceTree = "<group>";
		};
		202EBB81248606BB0060ED27 /* NFL Auto ScoutTests */ = {
			isa = PBXGroup;
			children = (
				202EBB82248606BB0060ED27 /* NFL_Auto_ScoutTests.swift */,
				202EBB84248606BB0060ED27 /* Info.plist */,
			);
			path = "NFL Auto ScoutTests";
			sourceTree = "<group>";
		};
		202EBB8C248606BC0060ED27 /* NFL Auto ScoutUITests */ = {
			isa = PBXGroup;
			children = (
				202EBB8D248606BC0060ED27 /* NFL_Auto_ScoutUITests.swift */,
				202EBB8F248606BC0060ED27 /* Info.plist */,
			);
			path = "NFL Auto ScoutUITests";
			sourceTree = "<group>";
		};
/* End PBXGroup section */

/* Begin PBXNativeTarget section */
		202EBB62248606BA0060ED27 /* NFL Auto Scout */ = {
			isa = PBXNativeTarget;
			buildConfigurationList = 202EBB92248606BC0060ED27 /* Build configuration list for PBXNativeTarget "NFL Auto Scout" */;
			buildPhases = (
				202EBB5F248606BA0060ED27 /* Sources */,
				202EBB60248606BA0060ED27 /* Frameworks */,
				202EBB61248606BA0060ED27 /* Resources */,
			);
			buildRules = (
			);
			dependencies = (
			);
			name = "NFL Auto Scout";
			productName = "NFL Auto Scout";
			productReference = 202EBB63248606BB0060ED27 /* NFL Auto Scout.app */;
			productType = "com.apple.product-type.application";
		};
		202EBB7D248606BB0060ED27 /* NFL Auto ScoutTests */ = {
			isa = PBXNativeTarget;
			buildConfigurationList = 202EBB95248606BC0060ED27 /* Build configuration list for PBXNativeTarget "NFL Auto ScoutTests" */;
			buildPhases = (
				202EBB7A248606BB0060ED27 /* Sources */,
				202EBB7B248606BB0060ED27 /* Frameworks */,
				202EBB7C248606BB0060ED27 /* Resources */,
			);
			buildRules = (
			);
			dependencies = (
				202EBB80248606BB0060ED27 /* PBXTargetDependency */,
			);
			name = "NFL Auto ScoutTests";
			productName = "NFL Auto ScoutTests";
			productReference = 202EBB7E248606BB0060ED27 /* NFL Auto ScoutTests.xctest */;
			productType = "com.apple.product-type.bundle.unit-test";
		};
		202EBB88248606BC0060ED27 /* NFL Auto ScoutUITests */ = {
			isa = PBXNativeTarget;
			buildConfigurationList = 202EBB98248606BC0060ED27 /* Build configuration list for PBXNativeTarget "NFL Auto ScoutUITests" */;
			buildPhases = (
				202EBB85248606BC0060ED27 /* Sources */,
				202EBB86248606BC0060ED27 /* Frameworks */,
				202EBB87248606BC0060ED27 /* Resources */,
			);
			buildRules = (
			);
			dependencies = (
				202EBB8B248606BC0060ED27 /* PBXTargetDependency */,
			);
			name = "NFL Auto ScoutUITests";
			productName = "NFL Auto ScoutUITests";
			productReference = 202EBB89248606BC0060ED27 /* NFL Auto ScoutUITests.xctest */;
			productType = "com.apple.product-type.bundle.ui-testing";
		};
/* End PBXNativeTarget section */

/* Begin PBXProject section */
		202EBB5B248606BA0060ED27 /* Project object */ = {
			isa = PBXProject;
			attributes = {
				LastSwiftUpdateCheck = 1150;
				LastUpgradeCheck = 1150;
				ORGANIZATIONNAME = "Andrew Morris";
				TargetAttributes = {
					202EBB62248606BA0060ED27 = {
						CreatedOnToolsVersion = 11.5;
					};
					202EBB7D248606BB0060ED27 = {
						CreatedOnToolsVersion = 11.5;
						TestTargetID = 202EBB62248606BA0060ED27;
					};
					202EBB88248606BC0060ED27 = {
						CreatedOnToolsVersion = 11.5;
						TestTargetID = 202EBB62248606BA0060ED27;
					};
				};
			};
			buildConfigurationList = 202EBB5E248606BA0060ED27 /* Build configuration list for PBXProject "NFL Auto Scout" */;
			compatibilityVersion = "Xcode 9.3";
			developmentRegion = en;
			hasScannedForEncodings = 0;
			knownRegions = (
				en,
				Base,
			);
			mainGroup = 202EBB5A248606BA0060ED27;
			productRefGroup = 202EBB64248606BB0060ED27 /* Products */;
			projectDirPath = "";
			projectRoot = "";
			targets = (
				202EBB62248606BA0060ED27 /* NFL Auto Scout */,
				202EBB7D248606BB0060ED27 /* NFL Auto ScoutTests */,
				202EBB88248606BC0060ED27 /* NFL Auto ScoutUITests */,
			);
		};
/* End PBXProject section */

/* Begin PBXResourcesBuildPhase section */
		202EBB61248606BA0060ED27 /* Resources */ = {
			isa = PBXResourcesBuildPhase;
			buildActionMask = 2147483647;
			files = (
				202EBB78248606BB0060ED27 /* LaunchScreen.storyboard in Resources */,
				202EBB75248606BB0060ED27 /* Preview Assets.xcassets in Resources */,
				202EBB72248606BB0060ED27 /* Assets.xcassets in Resources */,
			);
			runOnlyForDeploymentPostprocessing = 0;
		};
		202EBB7C248606BB0060ED27 /* Resources */ = {
			isa = PBXResourcesBuildPhase;
			buildActionMask = 2147483647;
			files = (
			);
			runOnlyForDeploymentPostprocessing = 0;
		};
		202EBB87248606BC0060ED27 /* Resources */ = {
			isa = PBXResourcesBuildPhase;
			buildActionMask = 2147483647;
			files = (
			);
			runOnlyForDeploymentPostprocessing = 0;
		};
/* End PBXResourcesBuildPhase section */

/* Begin PBXSourcesBuildPhase section */
		202EBB5F248606BA0060ED27 /* Sources */ = {
			isa = PBXSourcesBuildPhase;
			buildActionMask = 2147483647;
			files = (
				202EBB6E248606BB0060ED27 /* Event.swift in Sources */,
				202EBB70248606BB0060ED27 /* ContentView.swift in Sources */,
				202EBB6A248606BB0060ED27 /* NFL_Auto_Scout.xcdatamodeld in Sources */,
				202EBB67248606BB0060ED27 /* AppDelegate.swift in Sources */,
				202EBB6C248606BB0060ED27 /* SceneDelegate.swift in Sources */,
			);
			runOnlyForDeploymentPostprocessing = 0;
		};
		202EBB7A248606BB0060ED27 /* Sources */ = {
			isa = PBXSourcesBuildPhase;
			buildActionMask = 2147483647;
			files = (
				202EBB83248606BB0060ED27 /* NFL_Auto_ScoutTests.swift in Sources */,
			);
			runOnlyForDeploymentPostprocessing = 0;
		};
		202EBB85248606BC0060ED27 /* Sources */ = {
			isa = PBXSourcesBuildPhase;
			buildActionMask = 2147483647;
			files = (
				202EBB8E248606BC0060ED27 /* NFL_Auto_ScoutUITests.swift in Sources */,
			);
			runOnlyForDeploymentPostprocessing = 0;
		};
/* End PBXSourcesBuildPhase section */

/* Begin PBXTargetDependency section */
		202EBB80248606BB0060ED27 /* PBXTargetDependency */ = {
			isa = PBXTargetDependency;
			target = 202EBB62248606BA0060ED27 /* NFL Auto Scout */;
			targetProxy = 202EBB7F248606BB0060ED27 /* PBXContainerItemProxy */;
		};
		202EBB8B248606BC0060ED27 /* PBXTargetDependency */ = {
			isa = PBXTargetDependency;
			target = 202EBB62248606BA0060ED27 /* NFL Auto Scout */;
			targetProxy = 202EBB8A248606BC0060ED27 /* PBXContainerItemProxy */;
		};
/* End PBXTargetDependency section */

/* Begin PBXVariantGroup section */
		202EBB76248606BB0060ED27 /* LaunchScreen.storyboard */ = {
			isa = PBXVariantGroup;
			children = (
				202EBB77248606BB0060ED27 /* Base */,
			);
			name = LaunchScreen.storyboard;
			sourceTree = "<group>";
		};
/* End PBXVariantGroup section */

/* Begin XCBuildConfiguration section */
		202EBB90248606BC0060ED27 /* Debug */ = {
			isa = XCBuildConfiguration;
			buildSettings = {
				ALWAYS_SEARCH_USER_PATHS = NO;
				CLANG_ANALYZER_NONNULL = YES;
				CLANG_ANALYZER_NUMBER_OBJECT_CONVERSION = YES_AGGRESSIVE;
				CLANG_CXX_LANGUAGE_STANDARD = "gnu++14";
				CLANG_CXX_LIBRARY = "libc++";
				CLANG_ENABLE_MODULES = YES;
				CLANG_ENABLE_OBJC_ARC = YES;
				CLANG_ENABLE_OBJC_WEAK = YES;
				CLANG_WARN_BLOCK_CAPTURE_AUTORELEASING = YES;
				CLANG_WARN_BOOL_CONVERSION = YES;
				CLANG_WARN_COMMA = YES;
				CLANG_WARN_CONSTANT_CONVERSION = YES;
				CLANG_WARN_DEPRECATED_OBJC_IMPLEMENTATIONS = YES;
				CLANG_WARN_DIRECT_OBJC_ISA_USAGE = YES_ERROR;
				CLANG_WARN_DOCUMENTATION_COMMENTS = YES;
				CLANG_WARN_EMPTY_BODY = YES;
				CLANG_WARN_ENUM_CONVERSION = YES;
				CLANG_WARN_INFINITE_RECURSION = YES;
				CLANG_WARN_INT_CONVERSION = YES;
				CLANG_WARN_NON_LITERAL_NULL_CONVERSION = YES;
				CLANG_WARN_OBJC_IMPLICIT_RETAIN_SELF = YES;
				CLANG_WARN_OBJC_LITERAL_CONVERSION = YES;
				CLANG_WARN_OBJC_ROOT_CLASS = YES_ERROR;
				CLANG_WARN_RANGE_LOOP_ANALYSIS = YES;
				CLANG_WARN_STRICT_PROTOTYPES = YES;
				CLANG_WARN_SUSPICIOUS_MOVE = YES;
				CLANG_WARN_UNGUARDED_AVAILABILITY = YES_AGGRESSIVE;
				CLANG_WARN_UNREACHABLE_CODE = YES;
				CLANG_WARN__DUPLICATE_METHOD_MATCH = YES;
				COPY_PHASE_STRIP = NO;
				DEBUG_INFORMATION_FORMAT = dwarf;
				ENABLE_STRICT_OBJC_MSGSEND = YES;
				ENABLE_TESTABILITY = YES;
				GCC_C_LANGUAGE_STANDARD = gnu11;
				GCC_DYNAMIC_NO_PIC = NO;
				GCC_NO_COMMON_BLOCKS = YES;
				GCC_OPTIMIZATION_LEVEL = 0;
				GCC_PREPROCESSOR_DEFINITIONS = (
					"DEBUG=1",
					"$(inherited)",
				);
				GCC_WARN_64_TO_32_BIT_CONVERSION = YES;
				GCC_WARN_ABOUT_RETURN_TYPE = YES_ERROR;
				GCC_WARN_UNDECLARED_SELECTOR = YES;
				GCC_WARN_UNINITIALIZED_AUTOS = YES_AGGRESSIVE;
				GCC_WARN_UNUSED_FUNCTION = YES;
				GCC_WARN_UNUSED_VARIABLE = YES;
				IPHONEOS_DEPLOYMENT_TARGET = 13.5;
				MTL_ENABLE_DEBUG_INFO = INCLUDE_SOURCE;
				MTL_FAST_MATH = YES;
				ONLY_ACTIVE_ARCH = YES;
				SDKROOT = iphoneos;
				SWIFT_ACTIVE_COMPILATION_CONDITIONS = DEBUG;
				SWIFT_OPTIMIZATION_LEVEL = "-Onone";
			};
			name = Debug;
		};
		202EBB91248606BC0060ED27 /* Release */ = {
			isa = XCBuildConfiguration;
			buildSettings = {
				ALWAYS_SEARCH_USER_PATHS = NO;
				CLANG_ANALYZER_NONNULL = YES;
				CLANG_ANALYZER_NUMBER_OBJECT_CONVERSION = YES_AGGRESSIVE;
				CLANG_CXX_LANGUAGE_STANDARD = "gnu++14";
				CLANG_CXX_LIBRARY = "libc++";
				CLANG_ENABLE_MODULES = YES;
				CLANG_ENABLE_OBJC_ARC = YES;
				CLANG_ENABLE_OBJC_WEAK = YES;
				CLANG_WARN_BLOCK_CAPTURE_AUTORELEASING = YES;
				CLANG_WARN_BOOL_CONVERSION = YES;
				CLANG_WARN_COMMA = YES;
				CLANG_WARN_CONSTANT_CONVERSION = YES;
				CLANG_WARN_DEPRECATED_OBJC_IMPLEMENTATIONS = YES;
				CLANG_WARN_DIRECT_OBJC_ISA_USAGE = YES_ERROR;
				CLANG_WARN_DOCUMENTATION_COMMENTS = YES;
				CLANG_WARN_EMPTY_BODY = YES;
				CLANG_WARN_ENUM_CONVERSION = YES;
				CLANG_WARN_INFINITE_RECURSION = YES;
				CLANG_WARN_INT_CONVERSION = YES;
				CLANG_WARN_NON_LITERAL_NULL_CONVERSION = YES;
				CLANG_WARN_OBJC_IMPLICIT_RETAIN_SELF = YES;
				CLANG_WARN_OBJC_LITERAL_CONVERSION = YES;
				CLANG_WARN_OBJC_ROOT_CLASS = YES_ERROR;
				CLANG_WARN_RANGE_LOOP_ANALYSIS = YES;
				CLANG_WARN_STRICT_PROTOTYPES = YES;
				CLANG_WARN_SUSPICIOUS_MOVE = YES;
				CLANG_WARN_UNGUARDED_AVAILABILITY = YES_AGGRESSIVE;
				CLANG_WARN_UNREACHABLE_CODE = YES;
				CLANG_WARN__DUPLICATE_METHOD_MATCH = YES;
				COPY_PHASE_STRIP = NO;
				DEBUG_INFORMATION_FORMAT = "dwarf-with-dsym";
				ENABLE_NS_ASSERTIONS = NO;
				ENABLE_STRICT_OBJC_MSGSEND = YES;
				GCC_C_LANGUAGE_STANDARD = gnu11;
				GCC_NO_COMMON_BLOCKS = YES;
				GCC_WARN_64_TO_32_BIT_CONVERSION = YES;
				GCC_WARN_ABOUT_RETURN_TYPE = YES_ERROR;
				GCC_WARN_UNDECLARED_SELECTOR = YES;
				GCC_WARN_UNINITIALIZED_AUTOS = YES_AGGRESSIVE;
				GCC_WARN_UNUSED_FUNCTION = YES;
				GCC_WARN_UNUSED_VARIABLE = YES;
				IPHONEOS_DEPLOYMENT_TARGET = 13.5;
				MTL_ENABLE_DEBUG_INFO = NO;
				MTL_FAST_MATH = YES;
				SDKROOT = iphoneos;
				SWIFT_COMPILATION_MODE = wholemodule;
				SWIFT_OPTIMIZATION_LEVEL = "-O";
				VALIDATE_PRODUCT = YES;
			};
			name = Release;
		};
		202EBB93248606BC0060ED27 /* Debug */ = {
			isa = XCBuildConfiguration;
			buildSettings = {
				ASSETCATALOG_COMPILER_APPICON_NAME = AppIcon;
				CODE_SIGN_STYLE = Automatic;
				DEVELOPMENT_ASSET_PATHS = "\"NFL Auto Scout/Preview Content\"";
				DEVELOPMENT_TEAM = FXUK9KLWWV;
				ENABLE_PREVIEWS = YES;
				INFOPLIST_FILE = "NFL Auto Scout/Info.plist";
				LD_RUNPATH_SEARCH_PATHS = (
					"$(inherited)",
					"@executable_path/Frameworks",
				);
				PRODUCT_BUNDLE_IDENTIFIER = "mids-nfl-capstone.NFL-Auto-Scout";
				PRODUCT_NAME = "$(TARGET_NAME)";
				SWIFT_VERSION = 5.0;
				TARGETED_DEVICE_FAMILY = "1,2";
			};
			name = Debug;
		};
		202EBB94248606BC0060ED27 /* Release */ = {
			isa = XCBuildConfiguration;
			buildSettings = {
				ASSETCATALOG_COMPILER_APPICON_NAME = AppIcon;
				CODE_SIGN_STYLE = Automatic;
				DEVELOPMENT_ASSET_PATHS = "\"NFL Auto Scout/Preview Content\"";
				DEVELOPMENT_TEAM = FXUK9KLWWV;
				ENABLE_PREVIEWS = YES;
				INFOPLIST_FILE = "NFL Auto Scout/Info.plist";
				LD_RUNPATH_SEARCH_PATHS = (
					"$(inherited)",
					"@executable_path/Frameworks",
				);
				PRODUCT_BUNDLE_IDENTIFIER = "mids-nfl-capstone.NFL-Auto-Scout";
				PRODUCT_NAME = "$(TARGET_NAME)";
				SWIFT_VERSION = 5.0;
				TARGETED_DEVICE_FAMILY = "1,2";
			};
			name = Release;
		};
		202EBB96248606BC0060ED27 /* Debug */ = {
			isa = XCBuildConfiguration;
			buildSettings = {
				ALWAYS_EMBED_SWIFT_STANDARD_LIBRARIES = YES;
				BUNDLE_LOADER = "$(TEST_HOST)";
				CODE_SIGN_STYLE = Automatic;
				DEVELOPMENT_TEAM = FXUK9KLWWV;
				INFOPLIST_FILE = "NFL Auto ScoutTests/Info.plist";
				IPHONEOS_DEPLOYMENT_TARGET = 13.5;
				LD_RUNPATH_SEARCH_PATHS = (
					"$(inherited)",
					"@executable_path/Frameworks",
					"@loader_path/Frameworks",
				);
				PRODUCT_BUNDLE_IDENTIFIER = "mids-nfl-capstone.NFL-Auto-ScoutTests";
				PRODUCT_NAME = "$(TARGET_NAME)";
				SWIFT_VERSION = 5.0;
				TARGETED_DEVICE_FAMILY = "1,2";
				TEST_HOST = "$(BUILT_PRODUCTS_DIR)/NFL Auto Scout.app/NFL Auto Scout";
			};
			name = Debug;
		};
		202EBB97248606BC0060ED27 /* Release */ = {
			isa = XCBuildConfiguration;
			buildSettings = {
				ALWAYS_EMBED_SWIFT_STANDARD_LIBRARIES = YES;
				BUNDLE_LOADER = "$(TEST_HOST)";
				CODE_SIGN_STYLE = Automatic;
				DEVELOPMENT_TEAM = FXUK9KLWWV;
				INFOPLIST_FILE = "NFL Auto ScoutTests/Info.plist";
				IPHONEOS_DEPLOYMENT_TARGET = 13.5;
				LD_RUNPATH_SEARCH_PATHS = (
					"$(inherited)",
					"@executable_path/Frameworks",
					"@loader_path/Frameworks",
				);
				PRODUCT_BUNDLE_IDENTIFIER = "mids-nfl-capstone.NFL-Auto-ScoutTests";
				PRODUCT_NAME = "$(TARGET_NAME)";
				SWIFT_VERSION = 5.0;
				TARGETED_DEVICE_FAMILY = "1,2";
				TEST_HOST = "$(BUILT_PRODUCTS_DIR)/NFL Auto Scout.app/NFL Auto Scout";
			};
			name = Release;
		};
		202EBB99248606BC0060ED27 /* Debug */ = {
			isa = XCBuildConfiguration;
			buildSettings = {
				ALWAYS_EMBED_SWIFT_STANDARD_LIBRARIES = YES;
				CODE_SIGN_STYLE = Automatic;
				DEVELOPMENT_TEAM = FXUK9KLWWV;
				INFOPLIST_FILE = "NFL Auto ScoutUITests/Info.plist";
				LD_RUNPATH_SEARCH_PATHS = (
					"$(inherited)",
					"@executable_path/Frameworks",
					"@loader_path/Frameworks",
				);
				PRODUCT_BUNDLE_IDENTIFIER = "mids-nfl-capstone.NFL-Auto-ScoutUITests";
				PRODUCT_NAME = "$(TARGET_NAME)";
				SWIFT_VERSION = 5.0;
				TARGETED_DEVICE_FAMILY = "1,2";
				TEST_TARGET_NAME = "NFL Auto Scout";
			};
			name = Debug;
		};
		202EBB9A248606BC0060ED27 /* Release */ = {
			isa = XCBuildConfiguration;
			buildSettings = {
				ALWAYS_EMBED_SWIFT_STANDARD_LIBRARIES = YES;
				CODE_SIGN_STYLE = Automatic;
				DEVELOPMENT_TEAM = FXUK9KLWWV;
				INFOPLIST_FILE = "NFL Auto ScoutUITests/Info.plist";
				LD_RUNPATH_SEARCH_PATHS = (
					"$(inherited)",
					"@executable_path/Frameworks",
					"@loader_path/Frameworks",
				);
				PRODUCT_BUNDLE_IDENTIFIER = "mids-nfl-capstone.NFL-Auto-ScoutUITests";
				PRODUCT_NAME = "$(TARGET_NAME)";
				SWIFT_VERSION = 5.0;
				TARGETED_DEVICE_FAMILY = "1,2";
				TEST_TARGET_NAME = "NFL Auto Scout";
			};
			name = Release;
		};
/* End XCBuildConfiguration section */

/* Begin XCConfigurationList section */
		202EBB5E248606BA0060ED27 /* Build configuration list for PBXProject "NFL Auto Scout" */ = {
			isa = XCConfigurationList;
			buildConfigurations = (
				202EBB90248606BC0060ED27 /* Debug */,
				202EBB91248606BC0060ED27 /* Release */,
			);
			defaultConfigurationIsVisible = 0;
			defaultConfigurationName = Release;
		};
		202EBB92248606BC0060ED27 /* Build configuration list for PBXNativeTarget "NFL Auto Scout" */ = {
			isa = XCConfigurationList;
			buildConfigurations = (
				202EBB93248606BC0060ED27 /* Debug */,
				202EBB94248606BC0060ED27 /* Release */,
			);
			defaultConfigurationIsVisible = 0;
			defaultConfigurationName = Release;
		};
		202EBB95248606BC0060ED27 /* Build configuration list for PBXNativeTarget "NFL Auto ScoutTests" */ = {
			isa = XCConfigurationList;
			buildConfigurations = (
				202EBB96248606BC0060ED27 /* Debug */,
				202EBB97248606BC0060ED27 /* Release */,
			);
			defaultConfigurationIsVisible = 0;
			defaultConfigurationName = Release;
		};
		202EBB98248606BC0060ED27 /* Build configuration list for PBXNativeTarget "NFL Auto ScoutUITests" */ = {
			isa = XCConfigurationList;
			buildConfigurations = (
				202EBB99248606BC0060ED27 /* Debug */,
				202EBB9A248606BC0060ED27 /* Release */,
			);
			defaultConfigurationIsVisible = 0;
			defaultConfigurationName = Release;
		};
/* End XCConfigurationList section */

/* Begin XCVersionGroup section */
		202EBB68248606BB0060ED27 /* NFL_Auto_Scout.xcdatamodeld */ = {
			isa = XCVersionGroup;
			children = (
				202EBB69248606BB0060ED27 /* NFL_Auto_Scout.xcdatamodel */,
			);
			currentVersion = 202EBB69248606BB0060ED27 /* NFL_Auto_Scout.xcdatamodel */;
			path = NFL_Auto_Scout.xcdatamodeld;
			sourceTree = "<group>";
			versionGroupType = wrapper.xcdatamodel;
		};
/* End XCVersionGroup section */
	};
	rootObject = 202EBB5B248606BA0060ED27 /* Project object */;
}
